<?xml version="1.0" encoding="utf-8"?>
<Project ToolsVersion="4.0" xmlns="http://schemas.microsoft.com/developer/msbuild/2003">
  <ItemGroup>
    <ClInclude Include="framework.h">
      <Filter>Main\Header</Filter>
    </ClInclude>
    <ClInclude Include="Resource.h">
      <Filter>Main\Header</Filter>
    </ClInclude>
    <ClInclude Include="targetver.h">
      <Filter>Main\Header</Filter>
    </ClInclude>
    <ClInclude Include="Core\MemoryPool.h">
      <Filter>Core\Object\Memory</Filter>
    </ClInclude>
    <ClInclude Include="Core\SegmentPool.h">
      <Filter>Core\Object\Memory</Filter>
    </ClInclude>
    <ClInclude Include="Core\Object.h">
      <Filter>Core\Object</Filter>
    </ClInclude>
    <ClInclude Include="Core\GameEngine.h">
      <Filter>Core\GameEngine</Filter>
    </ClInclude>
    <ClInclude Include="Core\EngineMath.h">
      <Filter>Core\Math</Filter>
    </ClInclude>
    <ClInclude Include="Core\Matrix.h">
      <Filter>Core\Math</Filter>
    </ClInclude>
    <ClInclude Include="Core\Vector2.h">
      <Filter>Core\Math</Filter>
    </ClInclude>
    <ClInclude Include="Core\Vector3.h">
      <Filter>Core\Math</Filter>
    </ClInclude>
    <ClInclude Include="Core\Vector4.h">
      <Filter>Core\Math</Filter>
    </ClInclude>
    <ClInclude Include="Core\Ptr.h">
      <Filter>Core\Object\Memory</Filter>
    </ClInclude>
    <ClInclude Include="Core\ObjectPool.h">
      <Filter>Core\Object</Filter>
    </ClInclude>
    <ClInclude Include="Core\Transform.h">
      <Filter>Core\World\Transform</Filter>
    </ClInclude>
    <ClInclude Include="Core\TransformMatrix.h">
      <Filter>Core\World\Transform</Filter>
    </ClInclude>
    <ClInclude Include="Common\LogManager.h">
      <Filter>Common\Log</Filter>
    </ClInclude>
    <ClInclude Include="Core\DirectoryManager.h">
      <Filter>Core\Directory</Filter>
    </ClInclude>
    <ClInclude Include="Common\Logger.h">
      <Filter>Common\Log</Filter>
    </ClInclude>
    <ClInclude Include="Core\Timer.h">
      <Filter>Core\Time</Filter>
    </ClInclude>
    <ClInclude Include="Core\TimeManager.h">
      <Filter>Core\Time</Filter>
    </ClInclude>
    <ClInclude Include="Client.h">
      <Filter>Main\Header</Filter>
    </ClInclude>
    <ClInclude Include="pch.h">
      <Filter>Main</Filter>
    </ClInclude>
    <ClInclude Include="Common\Random.h">
      <Filter>Common\Random</Filter>
    </ClInclude>
    <ClInclude Include="Core\DeviceManager.h">
      <Filter>Core\Rendering\DirectX</Filter>
    </ClInclude>
    <ClInclude Include="Core\Resource.h">
      <Filter>Core\Resource</Filter>
    </ClInclude>
    <ClInclude Include="Core\ResourceManager.h">
      <Filter>Core\Resource</Filter>
    </ClInclude>
    <ClInclude Include="Core\Mesh.h">
      <Filter>Core\Resource\Mesh</Filter>
    </ClInclude>
    <ClInclude Include="Core\Texture.h">
      <Filter>Core\Resource\Texture</Filter>
    </ClInclude>
    <ClInclude Include="Core\Shader.h">
      <Filter>Core\Resource\Shader</Filter>
    </ClInclude>
    <ClInclude Include="Core\TextureManager.h">
      <Filter>Core\Resource\Texture</Filter>
    </ClInclude>
    <ClInclude Include="Core\Material.h">
      <Filter>Core\Resource\Material</Filter>
    </ClInclude>
    <ClInclude Include="Core\Color.h">
      <Filter>Core\Color</Filter>
    </ClInclude>
    <ClInclude Include="Core\ConstantBuffer.h">
      <Filter>Core\Rendering\Buffer\ConstantBuffer</Filter>
    </ClInclude>
    <ClInclude Include="Core\MaterialConstantBuffer.h">
      <Filter>Core\Rendering\Buffer\ConstantBuffer</Filter>
    </ClInclude>
    <ClInclude Include="Core\ShaderManager.h">
      <Filter>Core\Resource\Shader</Filter>
    </ClInclude>
    <ClInclude Include="Core\MaterialManager.h">
      <Filter>Core\Resource\Material</Filter>
    </ClInclude>
    <ClInclude Include="Core\MeshManager.h">
      <Filter>Core\Resource\Mesh</Filter>
    </ClInclude>
    <ClInclude Include="Core\Buffer.h">
      <Filter>Core\Rendering\Buffer</Filter>
    </ClInclude>
    <ClInclude Include="Core\Rendering.h">
      <Filter>Core\Rendering</Filter>
    </ClInclude>
    <ClInclude Include="Core\Sound.h">
      <Filter>Core\Resource\Sound</Filter>
    </ClInclude>
    <ClInclude Include="Core\SoundManager.h">
      <Filter>Core\Resource\Sound</Filter>
    </ClInclude>
    <ClInclude Include="Core\TransformConstantBuffer.h">
      <Filter>Core\Rendering\Buffer\ConstantBuffer</Filter>
    </ClInclude>
    <ClInclude Include="Core\RenderManager.h">
      <Filter>Core\Rendering\Render</Filter>
    </ClInclude>
    <ClInclude Include="Core\RenderStateManager.h">
      <Filter>Core\Rendering\Render</Filter>
    </ClInclude>
    <ClInclude Include="Core\BlendState.h">
      <Filter>Core\Rendering\Render\RenderState</Filter>
    </ClInclude>
    <ClInclude Include="Core\DepthStencilState.h">
      <Filter>Core\Rendering\Render\RenderState</Filter>
    </ClInclude>
    <ClInclude Include="Core\RenderState.h">
      <Filter>Core\Rendering\Render\RenderState</Filter>
    </ClInclude>
    <ClInclude Include="Core\Actor.h">
      <Filter>Core\World\Actor</Filter>
    </ClInclude>
    <ClInclude Include="Core\Component.h">
      <Filter>Core\World\Component</Filter>
    </ClInclude>
    <ClInclude Include="Core\ActorComponent.h">
      <Filter>Core\World\Component\ActorComponent</Filter>
    </ClInclude>
    <ClInclude Include="Core\SceneComponent.h">
      <Filter>Core\World\Component\SceneComponent</Filter>
    </ClInclude>
    <ClInclude Include="Core\World.h">
      <Filter>Core\World</Filter>
    </ClInclude>
    <ClInclude Include="Core\CameraManager.h">
      <Filter>Core\World\Camera</Filter>
    </ClInclude>
    <ClInclude Include="Core\GraphicShader.h">
      <Filter>Core\Resource\Shader</Filter>
    </ClInclude>
    <ClInclude Include="Core\StaticMeshShader.h">
      <Filter>Core\Resource\Shader\ConcreteShader</Filter>
    </ClInclude>
    <ClInclude Include="Core\Level.h">
      <Filter>Core\World\Level</Filter>
    </ClInclude>
    <ClInclude Include="Core\Camera.h">
      <Filter>Core\World\Camera</Filter>
    </ClInclude>
    <ClInclude Include="Core\ColorConstantBuffer.h">
      <Filter>Core\Rendering\Buffer\ConstantBuffer</Filter>
    </ClInclude>
    <ClInclude Include="Core\FrameMeshShader.h">
      <Filter>Core\Resource\Shader\ConcreteShader</Filter>
    </ClInclude>
    <ClInclude Include="Core\StructureBuffer.h">
      <Filter>Core\Rendering\Buffer\StructureBuffer</Filter>
    </ClInclude>
    <ClInclude Include="Core\CameraComponent.h">
      <Filter>Core\World\Camera\Component</Filter>
    </ClInclude>
    <ClInclude Include="Core\StaticMeshComponent.h">
      <Filter>Core\World\Component\SceneComponent\Mesh</Filter>
    </ClInclude>
    <ClInclude Include="Core\MeshComponent.h">
      <Filter>Core\World\Component\SceneComponent\Mesh</Filter>
    </ClInclude>
    <ClInclude Include="Core\Collision\OBBCollisionComponent.h">
      <Filter>Collision\Component</Filter>
    </ClInclude>
    <ClInclude Include="Core\Collision\SphereCollisionComponent.h">
      <Filter>Collision\Component</Filter>
    </ClInclude>
    <ClInclude Include="Core\Collision\AABBCollisionComponent.h">
      <Filter>Collision\Component</Filter>
    </ClInclude>
    <ClInclude Include="Core\Collision\CollisionComponent.h">
      <Filter>Collision\Component</Filter>
    </ClInclude>
    <ClInclude Include="Core\Collision\CollisionProfile.h">
      <Filter>Collision\Profile</Filter>
    </ClInclude>
    <ClInclude Include="Core\Collision\CollisionProfileManager.h">
      <Filter>Collision\Profile</Filter>
    </ClInclude>
    <ClInclude Include="Core\Collision\CollisionSystem.h">
      <Filter>Collision</Filter>
    </ClInclude>
    <ClInclude Include="Core\Collision\CollisionManager.h">
      <Filter>Collision</Filter>
    </ClInclude>
    <ClInclude Include="Core\TagManager.h">
      <Filter>Core\World\Tag</Filter>
    </ClInclude>
    <ClInclude Include="Tilemap\Tilemap.h">
      <Filter>Tilemap\Actor</Filter>
    </ClInclude>
    <ClInclude Include="Tilemap\TilemapComponent.h">
      <Filter>Tilemap\Component</Filter>
    </ClInclude>
    <ClInclude Include="Tilemap\Tile.h">
      <Filter>Tilemap</Filter>
    </ClInclude>
    <ClInclude Include="Tilemap\TileOutlineStructureBuffer.h">
      <Filter>Tilemap\Buffer</Filter>
    </ClInclude>
    <ClInclude Include="Tilemap\TileStructureBuffer.h">
      <Filter>Tilemap\Buffer</Filter>
    </ClInclude>
    <ClInclude Include="Tilemap\TileInstanceShader.h">
      <Filter>Tilemap\Shader</Filter>
    </ClInclude>
    <ClInclude Include="Tilemap\TileOutlineInstanceShader.h">
      <Filter>Tilemap\Shader</Filter>
    </ClInclude>
    <ClInclude Include="Core\WindowsManager.h">
      <Filter>Core\GameEngine</Filter>
    </ClInclude>
    <ClInclude Include="Core\Input\Input.h">
      <Filter>Input</Filter>
    </ClInclude>
    <ClInclude Include="Core\Input\Types.h">
      <Filter>Input</Filter>
    </ClInclude>
    <ClInclude Include="Core\Input\InputAction.h">
      <Filter>Input\InputSystem</Filter>
    </ClInclude>
    <ClInclude Include="Core\Input\InputContext.h">
      <Filter>Input\InputSystem</Filter>
    </ClInclude>
    <ClInclude Include="Core\Input\InputSystem.h">
      <Filter>Input\InputSystem</Filter>
    </ClInclude>
    <ClInclude Include="Core\Input\InputComponent.h">
      <Filter>Input\Component</Filter>
    </ClInclude>
    <ClInclude Include="Editor\EditorEngine.h">
      <Filter>Editor</Filter>
    </ClInclude>
    <ClInclude Include="Editor\EditorUI.h">
      <Filter>Editor</Filter>
    </ClInclude>
    <ClInclude Include="Core\Controller.h">
      <Filter>Core\World\Actor</Filter>
    </ClInclude>
    <ClInclude Include="Core\Pawn.h">
      <Filter>Core\World\Actor</Filter>
    </ClInclude>
    <ClInclude Include="AI\AIComponent.h">
      <Filter>AI\Component</Filter>
    </ClInclude>
    <ClInclude Include="AI\AIController.h">
      <Filter>AI\Actor</Filter>
    </ClInclude>
    <ClInclude Include="AI\Types.h">
      <Filter>AI</Filter>
    </ClInclude>
    <ClInclude Include="AI\AICondition.h">
      <Filter>AI\AIStateMachine</Filter>
    </ClInclude>
    <ClInclude Include="AI\AIState.h">
      <Filter>AI\AIStateMachine</Filter>
    </ClInclude>
    <ClInclude Include="AI\AIStateMachine.h">
      <Filter>AI\AIStateMachine</Filter>
    </ClInclude>
    <ClInclude Include="AI\AITransition.h">
      <Filter>AI\AIStateMachine</Filter>
    </ClInclude>
    <ClInclude Include="AI\AIBlackboard.h">
      <Filter>AI\AIStateMachine</Filter>
    </ClInclude>
    <ClInclude Include="Core\SoundComponent.h">
      <Filter>Core\World\Component\SceneComponent\Sound</Filter>
    </ClInclude>
    <ClInclude Include="Core\Defines.h">
      <Filter>Core\Etc</Filter>
    </ClInclude>
    <ClInclude Include="Core\Info.h">
      <Filter>Core\Etc</Filter>
    </ClInclude>
    <ClInclude Include="Core\Singleton.h">
      <Filter>Core\Etc</Filter>
    </ClInclude>
    <ClInclude Include="Core\SubManager.h">
      <Filter>Core\Etc</Filter>
    </ClInclude>
    <ClInclude Include="Core\Types.h">
      <Filter>Core\Etc</Filter>
    </ClInclude>
    <ClInclude Include="Core\Animation\Animation2DSequence.h">
      <Filter>Animation</Filter>
    </ClInclude>
    <ClInclude Include="Core\Animation\Animation2DClip.h">
      <Filter>Animation\Resource</Filter>
    </ClInclude>
    <ClInclude Include="Core\Animation\Animation2DManager.h">
      <Filter>Animation\Resource</Filter>
    </ClInclude>
    <ClInclude Include="Core\Animation\Animation2DSprite.h">
      <Filter>Animation\Resource</Filter>
    </ClInclude>
    <ClInclude Include="Core\Animation\Animation2D.h">
      <Filter>Animation</Filter>
    </ClInclude>
    <ClInclude Include="Core\Animation\Animation2DConstantBuffer.h">
      <Filter>Animation\Buffer</Filter>
    </ClInclude>
    <ClInclude Include="Core\Animation\SpriteComponent.h">
      <Filter>Animation\Component</Filter>
    </ClInclude>
    <ClInclude Include="Core\Animation\SpriteShader.h">
      <Filter>Animation\Shader</Filter>
    </ClInclude>
    <ClInclude Include="Platformer\PlatformerKinematicComponent.h">
      <Filter>Platformer\Component</Filter>
    </ClInclude>
    <ClInclude Include="Player\PlayerComponent.h">
      <Filter>Player\Component</Filter>
    </ClInclude>
    <ClInclude Include="Player\PlayerState.h">
      <Filter>Player\StateMachine</Filter>
    </ClInclude>
    <ClInclude Include="Player\PlayerStateMachine.h">
      <Filter>Player\StateMachine</Filter>
    </ClInclude>
    <ClInclude Include="Player\PlayerController.h">
      <Filter>Player\Actor</Filter>
    </ClInclude>
    <ClInclude Include="Player\Player.h">
      <Filter>Player\Actor</Filter>
    </ClInclude>
    <ClInclude Include="Platformer\Types.h">
      <Filter>Platformer</Filter>
    </ClInclude>
    <ClInclude Include="Tilemap\TilemapLevel.h">
      <Filter>Tilemap\World</Filter>
    </ClInclude>
    <ClInclude Include="Snowbros\PlayerStateDead.h">
      <Filter>Snowbros\Player\PlayerState</Filter>
    </ClInclude>
    <ClInclude Include="Snowbros\PlayerStateGround.h">
      <Filter>Snowbros\Player\PlayerState</Filter>
    </ClInclude>
    <ClInclude Include="Snowbros\PlayerStateMidair.h">
      <Filter>Snowbros\Player\PlayerState</Filter>
    </ClInclude>
    <ClInclude Include="Snowbros\PlayerStateSnowball.h">
      <Filter>Snowbros\Player\PlayerState</Filter>
    </ClInclude>
    <ClInclude Include="Snowbros\SnowbrosLevel.h">
      <Filter>Snowbros\World</Filter>
    </ClInclude>
    <ClInclude Include="Snowbros\Types.h">
      <Filter>Snowbros</Filter>
    </ClInclude>
    <ClInclude Include="Core\Rect.h">
      <Filter>Core\Math</Filter>
    </ClInclude>
    <ClInclude Include="Snowbros\SnowProjectile.h">
      <Filter>Snowbros\Actor</Filter>
    </ClInclude>
    <ClInclude Include="Snowbros\ShootComponent.h">
      <Filter>Snowbros\Component</Filter>
    </ClInclude>
    <ClInclude Include="Snowbros\SnowProjectileComponent.h">
      <Filter>Snowbros\Component</Filter>
    </ClInclude>
    <ClInclude Include="AI\AI.h">
      <Filter>AI\Actor</Filter>
    </ClInclude>
    <ClInclude Include="Snowbros\SnowbrosEnemy.h">
      <Filter>Snowbros\Enemy</Filter>
    </ClInclude>
    <ClInclude Include="Snowbros\MonkeyStateMachine.h">
      <Filter>Snowbros\Enemy\StateMachine</Filter>
    </ClInclude>
    <ClInclude Include="Snowbros\GoblinStateMachine.h">
      <Filter>Snowbros\Enemy\StateMachine</Filter>
    </ClInclude>
    <ClInclude Include="Snowbros\SpitterStateMachine.h">
      <Filter>Snowbros\Enemy\StateMachine</Filter>
    </ClInclude>
    <ClInclude Include="Snowbros\GoblinBlackboard.h">
      <Filter>Snowbros\Enemy\Blackboard</Filter>
    </ClInclude>
    <ClInclude Include="Snowbros\MonkeyBlackboard.h">
      <Filter>Snowbros\Enemy\Blackboard</Filter>
    </ClInclude>
    <ClInclude Include="Snowbros\SpitterBlackboard.h">
      <Filter>Snowbros\Enemy\Blackboard</Filter>
    </ClInclude>
    <ClInclude Include="Player\PlayerBlackboard.h">
      <Filter>Player\StateMachine</Filter>
    </ClInclude>
    <ClInclude Include="Snowbros\SnowbrosPlayerBlackboard.h">
      <Filter>Snowbros\Player</Filter>
    </ClInclude>
    <ClInclude Include="Snowbros\SnowbrosPlayer.h">
      <Filter>Snowbros\Player</Filter>
    </ClInclude>
    <ClInclude Include="Platformer\PlatformerKinematicPlayerComponent.h">
      <Filter>Platformer\Component</Filter>
    </ClInclude>
    <ClInclude Include="Platformer\PlatformerMovementComponent.h">
      <Filter>Platformer\Component</Filter>
    </ClInclude>
    <ClInclude Include="Core\Collision\PointCollisionComponent.h">
      <Filter>Collision\Component</Filter>
    </ClInclude>
    <ClInclude Include="Snowbros\SnowballMorphableEnemyStateMachine.h">
      <Filter>Snowbros\Enemy\StateMachine</Filter>
    </ClInclude>
    <ClInclude Include="Snowbros\SnowbrosPlayerState.h">
      <Filter>Snowbros\Player\PlayerState</Filter>
    </ClInclude>
    <ClInclude Include="Snowbros\SnowbrosEnemyState.h">
      <Filter>Snowbros\Enemy</Filter>
    </ClInclude>
    <ClInclude Include="Snowbros\SnowballMorphableEnemyBlackboard.h">
      <Filter>Snowbros\Enemy\Blackboard</Filter>
    </ClInclude>
    <ClInclude Include="Core\Animation\SpriteInstanceShader.h">
      <Filter>Animation\Shader</Filter>
    </ClInclude>
    <ClInclude Include="Item.h">
      <Filter>Snowbros\Actor</Filter>
    </ClInclude>
    <ClInclude Include="Core\Animation\Animation2DStructureBuffer.h">
      <Filter>Animation\Buffer</Filter>
    </ClInclude>
    <ClInclude Include="Core\InstanceRenderer.h">
      <Filter>Core\Rendering\Actor</Filter>
    </ClInclude>
    <ClInclude Include="Core\InstanceRendererComponent.h">
      <Filter>Core\Rendering\Component</Filter>
    </ClInclude>
    <ClInclude Include="Core\RenderInstanceComponent.h">
      <Filter>Core\Rendering\Component</Filter>
    </ClInclude>
    <ClInclude Include="Core\Animation\SpriteInstanceComponent.h">
      <Filter>Animation\Component</Filter>
    </ClInclude>
    <ClInclude Include="Core\Animation\SpriteInstanceRenderer.h">
      <Filter>Animation\Actor</Filter>
    </ClInclude>
    <ClInclude Include="Core\Animation\SpriteInstanceRendererComponent.h">
      <Filter>Animation\Component</Filter>
    </ClInclude>
    <ClInclude Include="Core\IndexedTextureInfoConstantBuffer.h">
      <Filter>Core\Rendering\Buffer\ConstantBuffer</Filter>
    </ClInclude>
    <ClInclude Include="Core\IndexedTextureBuffer.h">
      <Filter>Core\Rendering\Buffer\StructureBuffer</Filter>
    </ClInclude>
    <ClInclude Include="Core\Palette.h">
      <Filter>Core\Resource\Palette</Filter>
    </ClInclude>
    <ClInclude Include="Core\PaletteManager.h">
      <Filter>Core\Resource\Palette</Filter>
    </ClInclude>
    <ClInclude Include="Core\PaletteStructureBuffer.h">
      <Filter>Core\Rendering\Buffer\StructureBuffer</Filter>
    </ClInclude>
    <ClInclude Include="Snowbros\SnowbrosDataParser.h">
      <Filter>Snowbros</Filter>
    </ClInclude>
    <ClInclude Include="Snowbros\IndexedAnimation2DStructureBuffer.h">
      <Filter>Snowbros\Rendering</Filter>
    </ClInclude>
    <ClInclude Include="Snowbros\IndexedSpriteInstanceRendererComponent.h">
      <Filter>Snowbros\Rendering</Filter>
    </ClInclude>
    <ClInclude Include="Snowbros\IndexedSpriteInstanceComponent.h">
      <Filter>Snowbros\Rendering</Filter>
    </ClInclude>
    <ClInclude Include="Snowbros\IndexedSpriteInstanceRenderer.h">
      <Filter>Snowbros\Rendering</Filter>
    </ClInclude>
    <ClInclude Include="Snowbros\IndexedSpriteInstanceShader.h" />
  </ItemGroup>
  <ItemGroup>
    <Image Include="Client.ico">
      <Filter>Main\Header</Filter>
    </Image>
    <Image Include="small.ico">
      <Filter>Main\Header</Filter>
    </Image>
  </ItemGroup>
  <ItemGroup>
    <ClCompile Include="Client.cpp">
      <Filter>Main</Filter>
    </ClCompile>
    <ClCompile Include="Core\MemoryPool.cpp">
      <Filter>Core\Object\Memory</Filter>
    </ClCompile>
    <ClCompile Include="Core\SegmentPool.cpp">
      <Filter>Core\Object\Memory</Filter>
    </ClCompile>
    <ClCompile Include="Core\Object.cpp">
      <Filter>Core\Object</Filter>
    </ClCompile>
    <ClCompile Include="Core\GameEngine.cpp">
      <Filter>Core\GameEngine</Filter>
    </ClCompile>
    <ClCompile Include="Core\Matrix.cpp">
      <Filter>Core\Math</Filter>
    </ClCompile>
    <ClCompile Include="Core\Vector2.cpp">
      <Filter>Core\Math</Filter>
    </ClCompile>
    <ClCompile Include="Core\Vector3.cpp">
      <Filter>Core\Math</Filter>
    </ClCompile>
    <ClCompile Include="Core\Vector4.cpp">
      <Filter>Core\Math</Filter>
    </ClCompile>
    <ClCompile Include="Core\ObjectPool.cpp">
      <Filter>Core\Object</Filter>
    </ClCompile>
    <ClCompile Include="Core\Transform.cpp">
      <Filter>Core\World\Transform</Filter>
    </ClCompile>
    <ClCompile Include="Core\TransformMatrix.cpp">
      <Filter>Core\World\Transform</Filter>
    </ClCompile>
    <ClCompile Include="Common\LogManager.cpp">
      <Filter>Common\Log</Filter>
    </ClCompile>
    <ClCompile Include="Core\DirectoryManager.cpp">
      <Filter>Core\Directory</Filter>
    </ClCompile>
    <ClCompile Include="Common\Logger.cpp">
      <Filter>Common\Log</Filter>
    </ClCompile>
    <ClCompile Include="Core\Timer.cpp">
      <Filter>Core\Time</Filter>
    </ClCompile>
    <ClCompile Include="Core\TimeManager.cpp">
      <Filter>Core\Time</Filter>
    </ClCompile>
    <ClCompile Include="pch.cpp">
      <Filter>Main</Filter>
    </ClCompile>
    <ClCompile Include="Core\DeviceManager.cpp">
      <Filter>Core\Rendering\DirectX</Filter>
    </ClCompile>
    <ClCompile Include="Core\Resource.cpp">
      <Filter>Core\Resource</Filter>
    </ClCompile>
    <ClCompile Include="Core\ResourceManager.cpp">
      <Filter>Core\Resource</Filter>
    </ClCompile>
    <ClCompile Include="Core\Mesh.cpp">
      <Filter>Core\Resource\Mesh</Filter>
    </ClCompile>
    <ClCompile Include="Core\Texture.cpp">
      <Filter>Core\Resource\Texture</Filter>
    </ClCompile>
    <ClCompile Include="Core\Shader.cpp">
      <Filter>Core\Resource\Shader</Filter>
    </ClCompile>
    <ClCompile Include="Core\TextureManager.cpp">
      <Filter>Core\Resource\Texture</Filter>
    </ClCompile>
    <ClCompile Include="Core\Material.cpp">
      <Filter>Core\Resource\Material</Filter>
    </ClCompile>
    <ClCompile Include="Core\Color.cpp">
      <Filter>Core\Color</Filter>
    </ClCompile>
    <ClCompile Include="Core\ConstantBuffer.cpp">
      <Filter>Core\Rendering\Buffer\ConstantBuffer</Filter>
    </ClCompile>
    <ClCompile Include="Core\MaterialConstantBuffer.cpp">
      <Filter>Core\Rendering\Buffer\ConstantBuffer</Filter>
    </ClCompile>
    <ClCompile Include="Core\ShaderManager.cpp">
      <Filter>Core\Resource\Shader</Filter>
    </ClCompile>
    <ClCompile Include="Core\MaterialManager.cpp">
      <Filter>Core\Resource\Material</Filter>
    </ClCompile>
    <ClCompile Include="Core\MeshManager.cpp">
      <Filter>Core\Resource\Mesh</Filter>
    </ClCompile>
    <ClCompile Include="Core\Sound.cpp">
      <Filter>Core\Resource\Sound</Filter>
    </ClCompile>
    <ClCompile Include="Core\SoundManager.cpp">
      <Filter>Core\Resource\Sound</Filter>
    </ClCompile>
    <ClCompile Include="Core\TransformConstantBuffer.cpp">
      <Filter>Core\Rendering\Buffer\ConstantBuffer</Filter>
    </ClCompile>
    <ClCompile Include="Core\RenderManager.cpp">
      <Filter>Core\Rendering\Render</Filter>
    </ClCompile>
    <ClCompile Include="Core\RenderStateManager.cpp">
      <Filter>Core\Rendering\Render</Filter>
    </ClCompile>
    <ClCompile Include="Core\BlendState.cpp">
      <Filter>Core\Rendering\Render\RenderState</Filter>
    </ClCompile>
    <ClCompile Include="Core\DepthStencilState.cpp">
      <Filter>Core\Rendering\Render\RenderState</Filter>
    </ClCompile>
    <ClCompile Include="Core\RenderState.cpp">
      <Filter>Core\Rendering\Render\RenderState</Filter>
    </ClCompile>
    <ClCompile Include="Core\Actor.cpp">
      <Filter>Core\World\Actor</Filter>
    </ClCompile>
    <ClCompile Include="Core\Component.cpp">
      <Filter>Core\World\Component</Filter>
    </ClCompile>
    <ClCompile Include="Core\ActorComponent.cpp">
      <Filter>Core\World\Component\ActorComponent</Filter>
    </ClCompile>
    <ClCompile Include="Core\SceneComponent.cpp">
      <Filter>Core\World\Component\SceneComponent</Filter>
    </ClCompile>
    <ClCompile Include="Core\World.cpp">
      <Filter>Core\World</Filter>
    </ClCompile>
    <ClCompile Include="Core\CameraManager.cpp">
      <Filter>Core\World\Camera</Filter>
    </ClCompile>
    <ClCompile Include="Core\GraphicShader.cpp">
      <Filter>Core\Resource\Shader</Filter>
    </ClCompile>
    <ClCompile Include="Core\StaticMeshShader.cpp">
      <Filter>Core\Resource\Shader\ConcreteShader</Filter>
    </ClCompile>
    <ClCompile Include="Core\Level.cpp">
      <Filter>Core\World\Level</Filter>
    </ClCompile>
    <ClCompile Include="Core\Camera.cpp">
      <Filter>Core\World\Camera</Filter>
    </ClCompile>
    <ClCompile Include="Core\ColorConstantBuffer.cpp">
      <Filter>Core\Rendering\Buffer\ConstantBuffer</Filter>
    </ClCompile>
    <ClCompile Include="Core\FrameMeshShader.cpp">
      <Filter>Core\Resource\Shader\ConcreteShader</Filter>
    </ClCompile>
    <ClCompile Include="Core\StructureBuffer.cpp">
      <Filter>Core\Rendering\Buffer\StructureBuffer</Filter>
    </ClCompile>
    <ClCompile Include="Core\CameraComponent.cpp">
      <Filter>Core\World\Camera\Component</Filter>
    </ClCompile>
    <ClCompile Include="Core\MeshComponent.cpp">
      <Filter>Core\World\Component\SceneComponent\Mesh</Filter>
    </ClCompile>
    <ClCompile Include="Core\StaticMeshComponent.cpp">
      <Filter>Core\World\Component\SceneComponent\Mesh</Filter>
    </ClCompile>
    <ClCompile Include="Core\Collision\SphereCollisionComponent.cpp">
      <Filter>Collision\Component</Filter>
    </ClCompile>
    <ClCompile Include="Core\Collision\AABBCollisionComponent.cpp">
      <Filter>Collision\Component</Filter>
    </ClCompile>
    <ClCompile Include="Core\Collision\CollisionComponent.cpp">
      <Filter>Collision\Component</Filter>
    </ClCompile>
    <ClCompile Include="Core\Collision\OBBCollisionComponent.cpp">
      <Filter>Collision\Component</Filter>
    </ClCompile>
    <ClCompile Include="Core\Collision\CollisionProfile.cpp">
      <Filter>Collision\Profile</Filter>
    </ClCompile>
    <ClCompile Include="Core\Collision\CollisionProfileManager.cpp">
      <Filter>Collision\Profile</Filter>
    </ClCompile>
    <ClCompile Include="Core\Collision\CollisionSystem.cpp">
      <Filter>Collision</Filter>
    </ClCompile>
    <ClCompile Include="Core\Collision\CollisionManager.cpp">
      <Filter>Collision</Filter>
    </ClCompile>
    <ClCompile Include="Core\TagManager.cpp">
      <Filter>Core\World\Tag</Filter>
    </ClCompile>
    <ClCompile Include="Tilemap\Tilemap.cpp">
      <Filter>Tilemap\Actor</Filter>
    </ClCompile>
    <ClCompile Include="Tilemap\TilemapComponent.cpp">
      <Filter>Tilemap\Component</Filter>
    </ClCompile>
    <ClCompile Include="Tilemap\Tile.cpp">
      <Filter>Tilemap</Filter>
    </ClCompile>
    <ClCompile Include="Tilemap\TileOutlineStructureBuffer.cpp">
      <Filter>Tilemap\Buffer</Filter>
    </ClCompile>
    <ClCompile Include="Tilemap\TileStructureBuffer.cpp">
      <Filter>Tilemap\Buffer</Filter>
    </ClCompile>
    <ClCompile Include="Tilemap\TileInstanceShader.cpp">
      <Filter>Tilemap\Shader</Filter>
    </ClCompile>
    <ClCompile Include="Tilemap\TileOutlineInstanceShader.cpp">
      <Filter>Tilemap\Shader</Filter>
    </ClCompile>
    <ClCompile Include="Core\WindowsManager.cpp">
      <Filter>Core\GameEngine</Filter>
    </ClCompile>
    <ClCompile Include="Core\Input\Input.cpp">
      <Filter>Input</Filter>
    </ClCompile>
    <ClCompile Include="Core\Input\InputAction.cpp">
      <Filter>Input\InputSystem</Filter>
    </ClCompile>
    <ClCompile Include="Core\Input\InputContext.cpp">
      <Filter>Input\InputSystem</Filter>
    </ClCompile>
    <ClCompile Include="Core\Input\InputSystem.cpp">
      <Filter>Input\InputSystem</Filter>
    </ClCompile>
    <ClCompile Include="Core\Input\InputComponent.cpp">
      <Filter>Input\Component</Filter>
    </ClCompile>
    <ClCompile Include="Editor\EditorEngine.cpp">
      <Filter>Editor</Filter>
    </ClCompile>
    <ClCompile Include="Editor\EditorUI.cpp">
      <Filter>Editor</Filter>
    </ClCompile>
    <ClCompile Include="Core\Controller.cpp">
      <Filter>Core\World\Actor</Filter>
    </ClCompile>
    <ClCompile Include="Core\Pawn.cpp">
      <Filter>Core\World\Actor</Filter>
    </ClCompile>
    <ClCompile Include="AI\AIComponent.cpp">
      <Filter>AI\Component</Filter>
    </ClCompile>
    <ClCompile Include="AI\AIController.cpp">
      <Filter>AI\Actor</Filter>
    </ClCompile>
    <ClCompile Include="AI\AICondition.cpp">
      <Filter>AI\AIStateMachine</Filter>
    </ClCompile>
    <ClCompile Include="AI\AIState.cpp">
      <Filter>AI\AIStateMachine</Filter>
    </ClCompile>
    <ClCompile Include="AI\AIStateMachine.cpp">
      <Filter>AI\AIStateMachine</Filter>
    </ClCompile>
    <ClCompile Include="AI\AITransition.cpp">
      <Filter>AI\AIStateMachine</Filter>
    </ClCompile>
    <ClCompile Include="AI\AIBlackboard.cpp">
      <Filter>AI\AIStateMachine</Filter>
    </ClCompile>
    <ClCompile Include="Core\SoundComponent.cpp">
      <Filter>Core\World\Component\SceneComponent\Sound</Filter>
    </ClCompile>
    <ClCompile Include="Core\SubManager.cpp">
      <Filter>Core\Etc</Filter>
    </ClCompile>
    <ClCompile Include="Core\Animation\Animation2DSequence.cpp">
      <Filter>Animation</Filter>
    </ClCompile>
    <ClCompile Include="Core\Animation\Animation2DClip.cpp">
      <Filter>Animation\Resource</Filter>
    </ClCompile>
    <ClCompile Include="Core\Animation\Animation2DManager.cpp">
      <Filter>Animation\Resource</Filter>
    </ClCompile>
    <ClCompile Include="Core\Animation\Animation2DSprite.cpp">
      <Filter>Animation\Resource</Filter>
    </ClCompile>
    <ClCompile Include="Core\Animation\Animation2D.cpp">
      <Filter>Animation</Filter>
    </ClCompile>
    <ClCompile Include="Core\Animation\Animation2DConstantBuffer.cpp">
      <Filter>Animation\Buffer</Filter>
    </ClCompile>
    <ClCompile Include="Core\Animation\SpriteComponent.cpp">
      <Filter>Animation\Component</Filter>
    </ClCompile>
    <ClCompile Include="Core\Animation\SpriteShader.cpp">
      <Filter>Animation\Shader</Filter>
    </ClCompile>
    <ClCompile Include="Platformer\PlatformerKinematicComponent.cpp">
      <Filter>Platformer\Component</Filter>
    </ClCompile>
    <ClCompile Include="Player\PlayerComponent.cpp">
      <Filter>Player\Component</Filter>
    </ClCompile>
    <ClCompile Include="Player\PlayerState.cpp">
      <Filter>Player\StateMachine</Filter>
    </ClCompile>
    <ClCompile Include="Player\PlayerStateMachine.cpp">
      <Filter>Player\StateMachine</Filter>
    </ClCompile>
    <ClCompile Include="Player\PlayerController.cpp">
      <Filter>Player\Actor</Filter>
    </ClCompile>
    <ClCompile Include="Player\Player.cpp">
      <Filter>Player\Actor</Filter>
    </ClCompile>
    <ClCompile Include="Tilemap\TilemapLevel.cpp">
      <Filter>Tilemap\World</Filter>
    </ClCompile>
    <ClCompile Include="Snowbros\PlayerStateDead.cpp">
      <Filter>Snowbros\Player\PlayerState</Filter>
    </ClCompile>
    <ClCompile Include="Snowbros\PlayerStateGround.cpp">
      <Filter>Snowbros\Player\PlayerState</Filter>
    </ClCompile>
    <ClCompile Include="Snowbros\PlayerStateMidair.cpp">
      <Filter>Snowbros\Player\PlayerState</Filter>
    </ClCompile>
    <ClCompile Include="Snowbros\PlayerStateSnowball.cpp">
      <Filter>Snowbros\Player\PlayerState</Filter>
    </ClCompile>
    <ClCompile Include="Snowbros\SnowbrosLevel.cpp">
      <Filter>Snowbros\World</Filter>
    </ClCompile>
    <ClCompile Include="Core\Rect.cpp">
      <Filter>Core\Math</Filter>
    </ClCompile>
    <ClCompile Include="Snowbros\SnowProjectile.cpp">
      <Filter>Snowbros\Actor</Filter>
    </ClCompile>
    <ClCompile Include="Snowbros\ShootComponent.cpp">
      <Filter>Snowbros\Component</Filter>
    </ClCompile>
    <ClCompile Include="Snowbros\SnowProjectileComponent.cpp">
      <Filter>Snowbros\Component</Filter>
    </ClCompile>
    <ClCompile Include="AI\AI.cpp">
      <Filter>AI\Actor</Filter>
    </ClCompile>
    <ClCompile Include="Snowbros\SnowbrosEnemy.cpp">
      <Filter>Snowbros\Enemy</Filter>
    </ClCompile>
    <ClCompile Include="Snowbros\MonkeyStateMachine.cpp">
      <Filter>Snowbros\Enemy\StateMachine</Filter>
    </ClCompile>
    <ClCompile Include="Snowbros\GoblinStateMachine.cpp">
      <Filter>Snowbros\Enemy\StateMachine</Filter>
    </ClCompile>
    <ClCompile Include="Snowbros\SpitterStateMachine.cpp">
      <Filter>Snowbros\Enemy\StateMachine</Filter>
    </ClCompile>
    <ClCompile Include="Snowbros\GoblinBlackboard.cpp">
      <Filter>Snowbros\Enemy\Blackboard</Filter>
    </ClCompile>
    <ClCompile Include="Snowbros\MonkeyBlackboard.cpp">
      <Filter>Snowbros\Enemy\Blackboard</Filter>
    </ClCompile>
    <ClCompile Include="Snowbros\SpitterBlackboard.cpp">
      <Filter>Snowbros\Enemy\Blackboard</Filter>
    </ClCompile>
    <ClCompile Include="Player\PlayerBlackboard.cpp">
      <Filter>Player\StateMachine</Filter>
    </ClCompile>
    <ClCompile Include="Snowbros\SnowbrosPlayerBlackboard.cpp">
      <Filter>Snowbros\Player</Filter>
    </ClCompile>
    <ClCompile Include="Snowbros\SnowbrosPlayer.cpp">
      <Filter>Snowbros\Player</Filter>
    </ClCompile>
    <ClCompile Include="Platformer\PlatformerKinematicPlayerComponent.cpp">
      <Filter>Platformer\Component</Filter>
    </ClCompile>
    <ClCompile Include="Platformer\PlatformerMovementComponent.cpp">
      <Filter>Platformer\Component</Filter>
    </ClCompile>
    <ClCompile Include="Core\Collision\PointCollisionComponent.cpp">
      <Filter>Collision\Component</Filter>
    </ClCompile>
    <ClCompile Include="Snowbros\SnowballMorphableEnemyStateMachine.cpp">
      <Filter>Snowbros\Enemy\StateMachine</Filter>
    </ClCompile>
    <ClCompile Include="Snowbros\SnowbrosPlayerState.cpp">
      <Filter>Snowbros\Player\PlayerState</Filter>
    </ClCompile>
    <ClCompile Include="Snowbros\SnowbrosEnemyState.cpp">
      <Filter>Snowbros\Enemy</Filter>
    </ClCompile>
    <ClCompile Include="Snowbros\SnowballMorphableEnemyBlackboard.cpp">
      <Filter>Snowbros\Enemy\Blackboard</Filter>
    </ClCompile>
    <ClCompile Include="Core\Animation\SpriteInstanceShader.cpp">
      <Filter>Animation\Shader</Filter>
    </ClCompile>
    <ClCompile Include="Item.cpp">
      <Filter>Snowbros\Actor</Filter>
    </ClCompile>
    <ClCompile Include="Core\Animation\Animation2DStructureBuffer.cpp">
      <Filter>Animation\Buffer</Filter>
    </ClCompile>
    <ClCompile Include="Core\InstanceRenderer.cpp">
      <Filter>Core\Rendering\Actor</Filter>
    </ClCompile>
    <ClCompile Include="Core\InstanceRendererComponent.cpp">
      <Filter>Core\Rendering\Component</Filter>
    </ClCompile>
    <ClCompile Include="Core\RenderInstanceComponent.cpp">
      <Filter>Core\Rendering\Component</Filter>
    </ClCompile>
    <ClCompile Include="Core\Animation\SpriteInstanceComponent.cpp">
      <Filter>Animation\Component</Filter>
    </ClCompile>
    <ClCompile Include="Core\Animation\SpriteInstanceRenderer.cpp">
      <Filter>Animation\Actor</Filter>
    </ClCompile>
    <ClCompile Include="Core\Animation\SpriteInstanceRendererComponent.cpp">
      <Filter>Animation\Component</Filter>
    </ClCompile>
    <ClCompile Include="Core\IndexedTextureInfoConstantBuffer.cpp">
      <Filter>Core\Rendering\Buffer\ConstantBuffer</Filter>
    </ClCompile>
    <ClCompile Include="Core\IndexedTextureBuffer.cpp">
      <Filter>Core\Rendering\Buffer\StructureBuffer</Filter>
    </ClCompile>
    <ClCompile Include="Core\Palette.cpp">
      <Filter>Core\Resource\Palette</Filter>
    </ClCompile>
    <ClCompile Include="Core\PaletteManager.cpp">
      <Filter>Core\Resource\Palette</Filter>
    </ClCompile>
    <ClCompile Include="Core\PaletteStructureBuffer.cpp">
      <Filter>Core\Rendering\Buffer\StructureBuffer</Filter>
    </ClCompile>
    <ClCompile Include="Snowbros\SnowbrosDataParser.cpp">
      <Filter>Snowbros</Filter>
    </ClCompile>
    <ClCompile Include="Snowbros\IndexedAnimation2DStructureBuffer.cpp">
      <Filter>Snowbros\Rendering</Filter>
    </ClCompile>
    <ClCompile Include="Snowbros\IndexedSpriteInstanceRendererComponent.cpp">
      <Filter>Snowbros\Rendering</Filter>
    </ClCompile>
    <ClCompile Include="Snowbros\IndexedSpriteInstanceComponent.cpp">
      <Filter>Snowbros\Rendering</Filter>
    </ClCompile>
    <ClCompile Include="Snowbros\IndexedSpriteInstanceRenderer.cpp">
      <Filter>Snowbros\Rendering</Filter>
    </ClCompile>
    <ClCompile Include="Snowbros\IndexedSpriteInstanceShader.cpp" />
  </ItemGroup>
  <ItemGroup>
    <Filter Include="Core">
      <UniqueIdentifier>{9d9770cc-2607-490d-bf94-596bb5e17e59}</UniqueIdentifier>
    </Filter>
    <Filter Include="Core\Math">
      <UniqueIdentifier>{7d6a0bb1-d458-4332-a29d-e72270b59091}</UniqueIdentifier>
    </Filter>
    <Filter Include="Core\GameEngine">
      <UniqueIdentifier>{6a5e9a68-8b96-47a5-9155-a3d2a8f049d9}</UniqueIdentifier>
    </Filter>
    <Filter Include="Core\Object">
      <UniqueIdentifier>{4f4671b7-c034-4663-b08b-5f79ebacb047}</UniqueIdentifier>
    </Filter>
    <Filter Include="Core\Directory">
      <UniqueIdentifier>{a9491a7c-bb97-42b7-bd45-cb6b079a7ea0}</UniqueIdentifier>
    </Filter>
    <Filter Include="Core\Time">
      <UniqueIdentifier>{f669dae0-af90-462c-8d3a-e30fe72540a9}</UniqueIdentifier>
    </Filter>
    <Filter Include="Core\Object\Memory">
      <UniqueIdentifier>{9241a477-dda1-42b4-8c07-10af922a4976}</UniqueIdentifier>
    </Filter>
    <Filter Include="Main">
      <UniqueIdentifier>{1d6a4af4-7f8e-4450-9f02-dcf708ca6040}</UniqueIdentifier>
    </Filter>
    <Filter Include="Main\Header">
      <UniqueIdentifier>{b64ae354-c038-4fb7-b538-70f839001b17}</UniqueIdentifier>
    </Filter>
    <Filter Include="Core\Resource">
      <UniqueIdentifier>{bbfd01f0-bee2-4030-adf3-98d8f37b1041}</UniqueIdentifier>
    </Filter>
    <Filter Include="Core\Resource\Mesh">
      <UniqueIdentifier>{584c622c-d195-4035-90e4-813aaf9a0c3b}</UniqueIdentifier>
    </Filter>
    <Filter Include="Core\Resource\Sound">
      <UniqueIdentifier>{213ec2d4-967a-4c9b-bfa7-f71b312ec908}</UniqueIdentifier>
    </Filter>
    <Filter Include="Core\Resource\Texture">
      <UniqueIdentifier>{27dafc75-3f93-4ae4-9777-c25b409c6bf9}</UniqueIdentifier>
    </Filter>
    <Filter Include="Core\Resource\Font">
      <UniqueIdentifier>{18db1a55-348f-4ed3-8a67-98d67b886fb0}</UniqueIdentifier>
    </Filter>
    <Filter Include="Core\Resource\Material">
      <UniqueIdentifier>{86a52ab0-7dfe-411b-97af-162100dd32dc}</UniqueIdentifier>
    </Filter>
    <Filter Include="Core\Resource\Shader">
      <UniqueIdentifier>{23269cb0-7db0-423f-b3dd-ea4526707981}</UniqueIdentifier>
    </Filter>
    <Filter Include="Core\Color">
      <UniqueIdentifier>{9d352e77-1e37-4d14-9061-6872afa26fc2}</UniqueIdentifier>
    </Filter>
    <Filter Include="Core\Rendering">
      <UniqueIdentifier>{d20c8d19-d7a6-43d1-90d8-a8c6edfca6c1}</UniqueIdentifier>
    </Filter>
    <Filter Include="Core\Rendering\Buffer">
      <UniqueIdentifier>{de6858b5-e06a-4125-bdaa-48d1236f39e8}</UniqueIdentifier>
    </Filter>
    <Filter Include="Core\Rendering\Buffer\ConstantBuffer">
      <UniqueIdentifier>{592e24b5-eaa0-4ed5-a769-0af518b3262d}</UniqueIdentifier>
    </Filter>
    <Filter Include="Core\Rendering\Buffer\StructureBuffer">
      <UniqueIdentifier>{3c047dee-7dab-4b85-8f61-e991de0fd038}</UniqueIdentifier>
    </Filter>
    <Filter Include="Core\Resource\Shader\ConcreteShader">
      <UniqueIdentifier>{cbdd939e-664a-42f4-bfa4-42dfbda733c6}</UniqueIdentifier>
    </Filter>
    <Filter Include="HLSL">
      <UniqueIdentifier>{2ec08f5b-2c78-4df1-87eb-bc5508c2c1ec}</UniqueIdentifier>
    </Filter>
    <Filter Include="Core\Rendering\Render">
      <UniqueIdentifier>{91a18530-1525-4676-8457-8eb6ef0fc888}</UniqueIdentifier>
    </Filter>
    <Filter Include="Core\Rendering\DirectX">
      <UniqueIdentifier>{ac612413-379c-4a11-9ad7-014ac2a678cb}</UniqueIdentifier>
    </Filter>
    <Filter Include="Core\World">
      <UniqueIdentifier>{80c6c107-3dd8-448b-9fbc-2bc7b05c689f}</UniqueIdentifier>
    </Filter>
    <Filter Include="Core\World\Camera">
      <UniqueIdentifier>{f5bfec43-1a46-44cb-ab0a-fcfff9302f69}</UniqueIdentifier>
    </Filter>
    <Filter Include="Core\World\Actor">
      <UniqueIdentifier>{2b0a6991-821c-4e8a-be02-0380f991b7fc}</UniqueIdentifier>
    </Filter>
    <Filter Include="Core\World\Level">
      <UniqueIdentifier>{6346b2ff-2be3-414c-8298-1b53713efd1e}</UniqueIdentifier>
    </Filter>
    <Filter Include="Core\World\Transform">
      <UniqueIdentifier>{fcfe14c9-6871-41ec-8d36-cb989074d59a}</UniqueIdentifier>
    </Filter>
    <Filter Include="Core\World\Component">
      <UniqueIdentifier>{93cbd0c4-ea02-47cd-a4a1-3e94689a1556}</UniqueIdentifier>
    </Filter>
    <Filter Include="Core\World\Component\ActorComponent">
      <UniqueIdentifier>{3e4c2bcc-107f-4e46-9a7d-8e8d9a27f425}</UniqueIdentifier>
    </Filter>
    <Filter Include="Core\World\Component\SceneComponent">
      <UniqueIdentifier>{30602968-6402-4d9d-b563-a793f9ca5a80}</UniqueIdentifier>
    </Filter>
    <Filter Include="Tilemap">
      <UniqueIdentifier>{e5e23673-fb29-4dfe-bee2-36cdf14453a2}</UniqueIdentifier>
    </Filter>
    <Filter Include="Tilemap\HLSL">
      <UniqueIdentifier>{e1a01ba2-3e86-4089-b3e2-6629ab0797f3}</UniqueIdentifier>
    </Filter>
    <Filter Include="Tilemap\Buffer">
      <UniqueIdentifier>{88823048-8de2-4347-9e43-15c4ac376489}</UniqueIdentifier>
    </Filter>
    <Filter Include="Tilemap\Component">
      <UniqueIdentifier>{af972759-2691-4e70-84c8-b75d8b623ed0}</UniqueIdentifier>
    </Filter>
    <Filter Include="Tilemap\Actor">
      <UniqueIdentifier>{bc11f70d-c8ec-46d4-9bbc-46fa38ae9f15}</UniqueIdentifier>
    </Filter>
    <Filter Include="Core\World\Camera\Component">
      <UniqueIdentifier>{87a06df9-3b3d-4dee-80c3-848abab9e341}</UniqueIdentifier>
    </Filter>
    <Filter Include="Core\World\Component\SceneComponent\Mesh">
      <UniqueIdentifier>{4c963f17-aa80-47e1-bd73-2785bbdcb455}</UniqueIdentifier>
    </Filter>
    <Filter Include="Tilemap\Shader">
      <UniqueIdentifier>{7065a92c-b41f-48a3-b812-264701993c26}</UniqueIdentifier>
    </Filter>
    <Filter Include="Core\World\Tag">
      <UniqueIdentifier>{4f11710a-5715-4fe9-8c51-8eebba578e90}</UniqueIdentifier>
    </Filter>
    <Filter Include="Input">
      <UniqueIdentifier>{2e0c4a69-fd58-4403-8b20-e250d047e234}</UniqueIdentifier>
    </Filter>
    <Filter Include="Input\Component">
      <UniqueIdentifier>{bfa6db99-513e-49fe-a1da-3b3e17b7a094}</UniqueIdentifier>
    </Filter>
    <Filter Include="Input\InputSystem">
      <UniqueIdentifier>{295fd4bd-bb9b-4002-8747-ea2e1ba3a3c6}</UniqueIdentifier>
    </Filter>
    <Filter Include="Editor">
      <UniqueIdentifier>{1ac0053f-e188-4023-88e6-6e74dc821645}</UniqueIdentifier>
    </Filter>
    <Filter Include="Collision">
      <UniqueIdentifier>{b7323b80-52b9-4162-a472-f20543fc4d2d}</UniqueIdentifier>
    </Filter>
    <Filter Include="Collision\Component">
      <UniqueIdentifier>{4e30cfb2-d88b-4e4e-8c6e-cafd58a525cd}</UniqueIdentifier>
    </Filter>
    <Filter Include="Collision\Profile">
      <UniqueIdentifier>{83931460-2bcb-477a-88a3-93ac95e79769}</UniqueIdentifier>
    </Filter>
    <Filter Include="AI">
      <UniqueIdentifier>{0785a916-ed70-4eed-af1e-9035af9107fe}</UniqueIdentifier>
    </Filter>
    <Filter Include="AI\Component">
      <UniqueIdentifier>{72241eb2-0af2-4d04-ab33-856869ed0c7e}</UniqueIdentifier>
    </Filter>
    <Filter Include="AI\Actor">
      <UniqueIdentifier>{bfc60d81-5c4c-4114-b79b-094ae4a197b4}</UniqueIdentifier>
    </Filter>
    <Filter Include="AI\AIStateMachine">
      <UniqueIdentifier>{d4b8ae52-53d0-4f6a-8698-dc884fc0d8d4}</UniqueIdentifier>
    </Filter>
    <Filter Include="Core\World\Component\SceneComponent\Sound">
      <UniqueIdentifier>{151caa57-a48a-4f15-9b9b-d2d79c346c38}</UniqueIdentifier>
    </Filter>
    <Filter Include="Core\Etc">
      <UniqueIdentifier>{4fbeaf0a-b589-4a09-bdb7-560d2cc82c06}</UniqueIdentifier>
    </Filter>
    <Filter Include="Animation">
      <UniqueIdentifier>{8beee01b-8dcb-447c-acb2-4a2396201b7c}</UniqueIdentifier>
    </Filter>
    <Filter Include="Animation\Resource">
      <UniqueIdentifier>{3001cafa-9b1e-44fb-a443-ff62e8284aad}</UniqueIdentifier>
    </Filter>
    <Filter Include="Animation\Buffer">
      <UniqueIdentifier>{6b6ba63c-e26a-4f8c-9569-5026dff3c1a1}</UniqueIdentifier>
    </Filter>
    <Filter Include="Core\Rendering\Render\RenderState">
      <UniqueIdentifier>{f2a14541-ce4a-42f2-9a2d-7ef52d5a3f23}</UniqueIdentifier>
    </Filter>
    <Filter Include="Animation\Component">
      <UniqueIdentifier>{e59267c3-f24c-4143-978d-b9661189c501}</UniqueIdentifier>
    </Filter>
    <Filter Include="Animation\Shader">
      <UniqueIdentifier>{30da2f30-db75-4dae-ac61-aa9da62efe76}</UniqueIdentifier>
    </Filter>
    <Filter Include="Animation\HLSL">
      <UniqueIdentifier>{ea91eab1-9380-43bc-b73d-279ee11c5857}</UniqueIdentifier>
    </Filter>
    <Filter Include="Platformer">
      <UniqueIdentifier>{02d7de91-71da-491f-b60b-f51016497e8b}</UniqueIdentifier>
    </Filter>
    <Filter Include="Platformer\Component">
      <UniqueIdentifier>{7bf96ee7-43af-4396-88a0-fe9e675492ab}</UniqueIdentifier>
    </Filter>
    <Filter Include="Snowbros">
      <UniqueIdentifier>{f60c71d4-3fd0-4ef9-b553-e752b4b0ab3a}</UniqueIdentifier>
    </Filter>
    <Filter Include="Snowbros\Component">
      <UniqueIdentifier>{cf565e9b-537e-4897-a037-851e95aca34f}</UniqueIdentifier>
    </Filter>
    <Filter Include="Player">
      <UniqueIdentifier>{8d0c4551-1609-46ee-967e-0b3937bf3d8d}</UniqueIdentifier>
    </Filter>
    <Filter Include="Player\Component">
      <UniqueIdentifier>{dc3905c9-32cd-44d1-95a1-074dafd528d5}</UniqueIdentifier>
    </Filter>
    <Filter Include="Player\StateMachine">
      <UniqueIdentifier>{ae4bd6a0-aa92-4575-802f-81061638a1f5}</UniqueIdentifier>
    </Filter>
    <Filter Include="Player\Actor">
      <UniqueIdentifier>{e41cc026-e989-41b2-91bb-c8b819ded84d}</UniqueIdentifier>
    </Filter>
    <Filter Include="Snowbros\Actor">
      <UniqueIdentifier>{865b387b-e80b-407f-add9-64cb2ba87e4f}</UniqueIdentifier>
    </Filter>
    <Filter Include="Tilemap\World">
      <UniqueIdentifier>{014cff5b-a65b-4839-b9dd-9336c6dcef4e}</UniqueIdentifier>
    </Filter>
    <Filter Include="Snowbros\World">
      <UniqueIdentifier>{573efb8a-41b7-4ae3-9e08-fc2c67eec764}</UniqueIdentifier>
    </Filter>
    <Filter Include="Snowbros\Enemy">
      <UniqueIdentifier>{07b6f73c-8ffa-4381-bc26-44819020c699}</UniqueIdentifier>
    </Filter>
    <Filter Include="Snowbros\Enemy\StateMachine">
      <UniqueIdentifier>{ca319a4b-39b6-4e02-86e9-53d5858f5c6c}</UniqueIdentifier>
    </Filter>
    <Filter Include="Snowbros\Enemy\Blackboard">
      <UniqueIdentifier>{1a386621-126b-4382-bd9d-cf12a16a421b}</UniqueIdentifier>
    </Filter>
    <Filter Include="Snowbros\Player">
      <UniqueIdentifier>{dc3cba26-3809-4b59-933f-3817ad1d5c36}</UniqueIdentifier>
    </Filter>
    <Filter Include="Snowbros\Player\PlayerState">
      <UniqueIdentifier>{32a1990a-a603-4381-a4af-0bdc46a37ac6}</UniqueIdentifier>
    </Filter>
    <Filter Include="Common">
      <UniqueIdentifier>{76b244ef-d46f-4859-9be9-67dab3696fad}</UniqueIdentifier>
    </Filter>
    <Filter Include="Common\Log">
      <UniqueIdentifier>{1347fc33-0805-4cc9-a648-00a4d1e2b7a3}</UniqueIdentifier>
    </Filter>
    <Filter Include="Common\Random">
      <UniqueIdentifier>{0b49908f-4b0f-469b-853b-1c58fad463ee}</UniqueIdentifier>
    </Filter>
    <Filter Include="Core\Rendering\Actor">
      <UniqueIdentifier>{b00bed52-1800-40d8-a57f-39bc2f70c69a}</UniqueIdentifier>
    </Filter>
    <Filter Include="Core\Rendering\Component">
      <UniqueIdentifier>{aef1df85-06a6-45a7-a82e-2cefa15f8b1c}</UniqueIdentifier>
    </Filter>
    <Filter Include="Animation\Actor">
      <UniqueIdentifier>{13d229de-ac5e-45b0-b98e-a4020d7cd93b}</UniqueIdentifier>
    </Filter>
    <Filter Include="Core\Resource\Palette">
      <UniqueIdentifier>{56552b48-6cb9-4a01-afdb-e8d15c2838ec}</UniqueIdentifier>
    </Filter>
    <Filter Include="Snowbros\HLSL">
      <UniqueIdentifier>{95d9277f-5168-442d-a803-6f1918c65cb4}</UniqueIdentifier>
    </Filter>
    <Filter Include="Snowbros\Rendering">
      <UniqueIdentifier>{1f0c7481-8d86-47a4-bd1a-2f772ee22c77}</UniqueIdentifier>
    </Filter>
  </ItemGroup>
  <ItemGroup>
    <ResourceCompile Include="Client.rc">
      <Filter>Main\Header</Filter>
    </ResourceCompile>
  </ItemGroup>
  <ItemGroup>
    <FxCompile Include="..\HLSL\StaticMesh.fx">
      <Filter>HLSL</Filter>
    </FxCompile>
    <FxCompile Include="..\HLSL\Share.fx">
      <Filter>HLSL</Filter>
    </FxCompile>
    <FxCompile Include="..\HLSL\FrameMesh.fx">
      <Filter>HLSL</Filter>
    </FxCompile>
    <FxCompile Include="..\HLSL\TileInstance.fx">
      <Filter>Tilemap\HLSL</Filter>
    </FxCompile>
    <FxCompile Include="..\HLSL\TileOutlineInstance.fx">
      <Filter>Tilemap\HLSL</Filter>
    </FxCompile>
    <FxCompile Include="..\HLSL\Sprite.fx">
      <Filter>Animation\HLSL</Filter>
    </FxCompile>
    <FxCompile Include="..\HLSL\SpriteInstance.fx">
      <Filter>Animation\HLSL</Filter>
    </FxCompile>
    <FxCompile Include="..\HLSL\IndexedSpriteInstance.fx">
      <Filter>Snowbros\HLSL</Filter>
    </FxCompile>
  </ItemGroup>
  <ItemGroup>
    <None Include="..\ThirdParty\fmod.dll">
      <Filter>Core\Etc</Filter>
    </None>
  </ItemGroup>
</Project>